
Microsoft Visual Studio Solution File, Format Version 12.00
# Visual Studio Version 16
VisualStudioVersion = 16.0.31624.102
MinimumVisualStudioVersion = 10.0.40219.1
Project("{FAE04EC0-301F-11D3-BF4B-00C04F79EFBC}") = "ConexaoOracle", "ConexaoOracle\ConexaoOracle.csproj", "{70D05949-E0D7-4F50-B16A-CBFF87946100}"
EndProject
Project("{FAE04EC0-301F-11D3-BF4B-00C04F79EFBC}") = "Testes", "Testes\Testes.csproj", "{276EADD1-955E-422D-944E-A29A55CFCCC6}"
EndProject
Project("{FAE04EC0-301F-11D3-BF4B-00C04F79EFBC}") = "ConexaoMySql", "ConexaoMySql\ConexaoMySql.csproj", "{39456AA2-A38C-4835-8F4A-655EFA6E3875}"
EndProject
Global
	GlobalSection(SolutionConfigurationPlatforms) = preSolution
		Debug|Any CPU = Debug|Any CPU
		Release|Any CPU = Release|Any CPU
	EndGlobalSection
	GlobalSection(ProjectConfigurationPlatforms) = postSolution
		{70D05949-E0D7-4F50-B16A-CBFF87946100}.Debug|Any CPU.ActiveCfg = Debug|Any CPU
		{70D05949-E0D7-4F50-B16A-CBFF87946100}.Debug|Any CPU.Build.0 = Debug|Any CPU
		{70D05949-E0D7-4F50-B16A-CBFF87946100}.Release|Any CPU.ActiveCfg = Release|Any CPU
		{70D05949-E0D7-4F50-B16A-CBFF87946100}.Release|Any CPU.Build.0 = Release|Any CPU
		{276EADD1-955E-422D-944E-A29A55CFCCC6}.Debug|Any CPU.ActiveCfg = Debug|Any CPU
		{276EADD1-955E-422D-944E-A29A55CFCCC6}.Debug|Any CPU.Build.0 = Debug|Any CPU
		{276EADD1-955E-422D-944E-A29A55CFCCC6}.Release|Any CPU.ActiveCfg = Release|Any CPU
		{276EADD1-955E-422D-944E-A29A55CFCCC6}.Release|Any CPU.Build.0 = Release|Any CPU
		{39456AA2-A38C-4835-8F4A-655EFA6E3875}.Debug|Any CPU.ActiveCfg = Debug|Any CPU
		{39456AA2-A38C-4835-8F4A-655EFA6E3875}.Debug|Any CPU.Build.0 = Debug|Any CPU
		{39456AA2-A38C-4835-8F4A-655EFA6E3875}.Release|Any CPU.ActiveCfg = Release|Any CPU
		{39456AA2-A38C-4835-8F4A-655EFA6E3875}.Release|Any CPU.Build.0 = Release|Any CPU
	EndGlobalSection
	GlobalSection(SolutionProperties) = preSolution
		HideSolutionNode = FALSE
	EndGlobalSection
	GlobalSection(ExtensibilityGlobals) = postSolution
		SolutionGuid = {7F115A05-EE8C-43FA-8E19-4657C9405D5C}
	EndGlobalSection
EndGlobal
